
Microsoft Visual Studio Solution File, Format Version 12.00
# Visual Studio Version 17
VisualStudioVersion = 17.0.31919.166
MinimumVisualStudioVersion = 10.0.40219.1
Project("{FAE04EC0-301F-11D3-BF4B-00C04F79EFBC}") = "BasicoApp", "BasicoApp\BasicoApp.csproj", "{E6912918-3E09-4A90-AA57-590A79FBB22B}"
EndProject
Project("{FAE04EC0-301F-11D3-BF4B-00C04F79EFBC}") = "Tarefas", "Tarefas\Tarefas.csproj", "{83382A03-54B6-43A2-8C5D-EC96AB45876C}"
EndProject
Project("{2150E333-8FDC-42A3-9474-1A3956D46DE8}") = "Solucao Items", "Solucao Items", "{23648A95-F466-4517-A375-89211F4E026F}"
	ProjectSection(SolutionItems) = preProject
		README.md = README.md
	EndProjectSection
EndProject
Global
	GlobalSection(SolutionConfigurationPlatforms) = preSolution
		Debug|Any CPU = Debug|Any CPU
		Release|Any CPU = Release|Any CPU
	EndGlobalSection
	GlobalSection(ProjectConfigurationPlatforms) = postSolution
		{E6912918-3E09-4A90-AA57-590A79FBB22B}.Debug|Any CPU.ActiveCfg = Debug|Any CPU
		{E6912918-3E09-4A90-AA57-590A79FBB22B}.Debug|Any CPU.Build.0 = Debug|Any CPU
		{E6912918-3E09-4A90-AA57-590A79FBB22B}.Release|Any CPU.ActiveCfg = Release|Any CPU
		{E6912918-3E09-4A90-AA57-590A79FBB22B}.Release|Any CPU.Build.0 = Release|Any CPU
		{83382A03-54B6-43A2-8C5D-EC96AB45876C}.Debug|Any CPU.ActiveCfg = Debug|Any CPU
		{83382A03-54B6-43A2-8C5D-EC96AB45876C}.Debug|Any CPU.Build.0 = Debug|Any CPU
		{83382A03-54B6-43A2-8C5D-EC96AB45876C}.Release|Any CPU.ActiveCfg = Release|Any CPU
		{83382A03-54B6-43A2-8C5D-EC96AB45876C}.Release|Any CPU.Build.0 = Release|Any CPU
	EndGlobalSection
	GlobalSection(SolutionProperties) = preSolution
		HideSolutionNode = FALSE
	EndGlobalSection
	GlobalSection(ExtensibilityGlobals) = postSolution
		SolutionGuid = {67F8FBCE-8D60-4909-99C1-9969A3A19A78}
	EndGlobalSection
EndGlobal
